
Microsoft Visual Studio Solution File, Format Version 12.00
# Visual Studio Version 17
VisualStudioVersion = 17.13.35818.85 d17.13
MinimumVisualStudioVersion = 10.0.40219.1
Project("{FAE04EC0-301F-11D3-BF4B-00C04F79EFBC}") = "SegundoExercicioDeFixacao", "SegundoExercicioDeFixacao\SegundoExercicioDeFixacao.csproj", "{26A6EB61-285F-4369-9FD6-757719BE0D88}"
EndProject
Global
	GlobalSection(SolutionConfigurationPlatforms) = preSolution
		Debug|Any CPU = Debug|Any CPU
		Release|Any CPU = Release|Any CPU
	EndGlobalSection
	GlobalSection(ProjectConfigurationPlatforms) = postSolution
		{26A6EB61-285F-4369-9FD6-757719BE0D88}.Debug|Any CPU.ActiveCfg = Debug|Any CPU
		{26A6EB61-285F-4369-9FD6-757719BE0D88}.Debug|Any CPU.Build.0 = Debug|Any CPU
		{26A6EB61-285F-4369-9FD6-757719BE0D88}.Release|Any CPU.ActiveCfg = Release|Any CPU
		{26A6EB61-285F-4369-9FD6-757719BE0D88}.Release|Any CPU.Build.0 = Release|Any CPU
	EndGlobalSection
	GlobalSection(SolutionProperties) = preSolution
		HideSolutionNode = FALSE
	EndGlobalSection
	GlobalSection(ExtensibilityGlobals) = postSolution
		SolutionGuid = {2024512C-238D-4B33-BA5F-A5BA3F274CAB}
	EndGlobalSection
EndGlobal
