
Microsoft Visual Studio Solution File, Format Version 12.00
# Visual Studio Version 17
VisualStudioVersion = 17.13.35818.85 d17.13
MinimumVisualStudioVersion = 10.0.40219.1
Project("{FAE04EC0-301F-11D3-BF4B-00C04F79EFBC}") = "Subitração", "Subitração\Subitração.csproj", "{77C09410-D12B-40A1-8862-D9C453D89B1F}"
EndProject
Global
	GlobalSection(SolutionConfigurationPlatforms) = preSolution
		Debug|Any CPU = Debug|Any CPU
		Release|Any CPU = Release|Any CPU
	EndGlobalSection
	GlobalSection(ProjectConfigurationPlatforms) = postSolution
		{77C09410-D12B-40A1-8862-D9C453D89B1F}.Debug|Any CPU.ActiveCfg = Debug|Any CPU
		{77C09410-D12B-40A1-8862-D9C453D89B1F}.Debug|Any CPU.Build.0 = Debug|Any CPU
		{77C09410-D12B-40A1-8862-D9C453D89B1F}.Release|Any CPU.ActiveCfg = Release|Any CPU
		{77C09410-D12B-40A1-8862-D9C453D89B1F}.Release|Any CPU.Build.0 = Release|Any CPU
	EndGlobalSection
	GlobalSection(SolutionProperties) = preSolution
		HideSolutionNode = FALSE
	EndGlobalSection
	GlobalSection(ExtensibilityGlobals) = postSolution
		SolutionGuid = {863BD2E0-D307-41DF-9632-2B1F7DC03B22}
	EndGlobalSection
EndGlobal
